schema: '2.0'
stages:
  data-preprocessing-flats:
    cmd: python .\src\data\data-preprocessing-flats.py
    deps:
    - path: .\src\data\data-preprocessing-flats.py
      hash: md5
      md5: ed320d947f75b5eceace64f201d322c2
      size: 10497
  data-preprocessing-houses:
    cmd: python .\src\data\data-preprocessing-houses.py
    deps:
    - path: .\src\data\data-preprocessing-houses.py
      hash: md5
      md5: 11307327020550f780846e701b22669d
      size: 10082
  merge-flats-and-houses:
    cmd: python .\src\data\merge-flats-and-houses.py
    deps:
    - path: .\src\data\merge-flats-and-houses.py
      hash: md5
      md5: 79cee47a3dab9d406057aa7f4f380d0f
      size: 4764
  data-preprocessing-level-2:
    cmd: python .\src\data\data-preprocessing-level-2.py
    deps:
    - path: .\src\data\data-preprocessing-level-2.py
      hash: md5
      md5: e49e51afb8cc4c4a38161c87660b97d0
      size: 11381
  feature-engineering:
    cmd: python .\src\features\feature-engineering.py
    deps:
    - path: .\src\features\feature-engineering.py
      hash: md5
      md5: 9643b47a06849d51643045e030d832ac
      size: 17739
  outlier-treatment:
    cmd: python .\src\features\outlier-treatment.py
    deps:
    - path: .\src\features\outlier-treatment.py
      hash: md5
      md5: 31f567b2fdc36ca7c7bae10f726c6e20
      size: 6225
  missing_value_imputation:
    cmd: python .\src\features\missing-value-imputation.py
    deps:
    - path: .\src\features\missing-value-imputation.py
      hash: md5
      md5: c69f4d567da3812014c1371d874ff0d7
      size: 10507
  feature-selection:
    cmd: python .\src\features\feature-selection.py
    deps:
    - path: .\src\features\feature-selection.py
      hash: md5
      md5: 997778d9642b94f1d7bc2e3848fa271d
      size: 12344
  make_dataset:
    cmd: python .\src\data\make_dataset.py
    deps:
    - path: .\src\data\make_dataset.py
      hash: md5
      md5: 35d270e308a9d61162472cc694a4711e
      size: 5541
  train_model:
    cmd: python .\src\models\train_model.py
    deps:
    - path: .\src\models\train_model.py
      hash: md5
      md5: 296f5eec462ef885390092685b073656
      size: 6491
  data_visualization:
    cmd: python .\src\data\data_visualization.py
    deps:
    - path: .\src\data\data_visualization.py
      hash: md5
      md5: 2238b9906107e36bf60607a57311c2ba
      size: 7339
  recommender-system:
    cmd: python .\src\features\recommender-system.py
    deps:
    - path: .\src\features\recommender-system.py
      hash: md5
      md5: 60126d33bf217f1b0606c1fd9f18c0a8
      size: 20368
  run-streamlit:
    cmd: streamlit run Home.py
    deps:
    - path: .\Home.py
      hash: md5
      md5: 723f3d9a61836ee1ad72a50f1c778cfb
      size: 784
    - path: .\pages\1_Price Predictor.py
      hash: md5
      md5: 7cd83c259d9d769822f883de89d10aba
      size: 5916
    - path: .\pages\2_Analysis App.py
      hash: md5
      md5: 7f9c49143d75972cabb2386ebedfa210
      size: 6241
    - path: .\pages\3_Recommend Appartments.py
      hash: md5
      md5: 50b7e2e1aec053f039d4d2193527cd48
      size: 2808
  streaumlit:
    cmd: streamlit run Home.py
    deps:
    - path: .\Home.py
      hash: md5
      md5: 723f3d9a61836ee1ad72a50f1c778cfb
      size: 784
    - path: .\pages\1_Price Predictor.py
      hash: md5
      md5: 7cd83c259d9d769822f883de89d10aba
      size: 5916
    - path: .\pages\2_Analysis App.py
      hash: md5
      md5: 7f9c49143d75972cabb2386ebedfa210
      size: 6241
    - path: .\pages\3_Recommend Appartments.py
      hash: md5
      md5: 50b7e2e1aec053f039d4d2193527cd48
      size: 2808
  streamlit:
    cmd: streamlit run Home.py
    deps:
    - path: .\Home.py
      hash: md5
      md5: 723f3d9a61836ee1ad72a50f1c778cfb
      size: 784
    - path: .\pages\1_Price Predictor.py
      hash: md5
      md5: 7cd83c259d9d769822f883de89d10aba
      size: 5916
    - path: .\pages\2_Analysis App.py
      hash: md5
      md5: f9fec044518cb6c86008824a2cc48be5
      size: 6561
    - path: .\pages\3_Recommend Appartments.py
      hash: md5
      md5: 50b7e2e1aec053f039d4d2193527cd48
      size: 2808
