schema: '2.0'
stages:
  data-preprocessing-flats:
    cmd: python .\src\data\data-preprocessing-flats.py .\data\raw\flats.csv
    deps:
    - path: .\data\raw\flats.csv
      hash: md5
      md5: 5b4e0ed65c25b51c23850cd035f02ff9
      size: 5724107
    - path: .\src\data\data-preprocessing-flats.py
      hash: md5
      md5: 4c5c27de5b6051c990961a0c3bcd7ace
      size: 3283
  data-preprocessing-houses:
    cmd: python .\src\data\data-preprocessing-houses.py .\data\raw\houses.csv
    deps:
    - path: .\data\raw\houses.csv
      hash: md5
      md5: 4681f7c5c507e4195eeba43676843863
      size: 2000313
    - path: .\src\data\data-preprocessing-houses.py
      hash: md5
      md5: 674e5105b859e573c5de810f78e03ded
      size: 3322
  merge-flats-and-houses:
    cmd: python .\src\data\merge-flats-and-houses.py .\data\processed\flats_cleaned.csv
      .\data\processed\house_cleaned.csv
    deps:
    - path: .\data\processed\flats_cleaned.csv
      hash: md5
      md5: 7fafddf7f160febbc67110cc0e66dd85
      size: 5152858
    - path: .\data\processed\house_cleaned.csv
      hash: md5
      md5: a7092f65c8c6f2aaa0c4ae88189ffc90
      size: 1669348
    - path: .\src\data\merge-flats-and-houses.py
      hash: md5
      md5: 24213ef7a93bc619a3bc33a120711d46
      size: 1111
  data-preprocessing-level-2:
    cmd: python .\src\data\data-preprocessing-level-2.py .\data\processed\gurgaon_properties.csv
    deps:
    - path: .\data\processed\gurgaon_properties.csv
      hash: md5
      md5: dc3a0887d38492e4c3e01645d5c54666
      size: 6827515
    - path: .\src\data\data-preprocessing-level-2.py
      hash: md5
      md5: 78e6e5f055a330b0fedd45dd8798c742
      size: 7172
